
Microsoft Visual Studio Solution File, Format Version 12.00
# Visual Studio Version 16
VisualStudioVersion = 16.0.30330.147
MinimumVisualStudioVersion = 10.0.40219.1
Project("{8BC9CEB8-8B4A-11D0-8D11-00A0C91BC942}") = "Sandbox", "Sandbox\Sandbox.vcxproj", "{4C841E80-E66E-4653-94BE-BE0E4B32793F}"
EndProject
Project("{8BC9CEB8-8B4A-11D0-8D11-00A0C91BC942}") = "Hazel", "Hazel\Hazel.vcxproj", "{7C435B1E-2229-4004-8314-DEF85B1E3B35}"
EndProject
Global
	GlobalSection(SolutionConfigurationPlatforms) = preSolution
		Debug|x64 = Debug|x64
		Release|x64 = Release|x64
	EndGlobalSection
	GlobalSection(ProjectConfigurationPlatforms) = postSolution
		{7C435B1E-2229-4004-8314-DEF85B1E3B35}.Debug|x64.ActiveCfg = Debug|x64
		{7C435B1E-2229-4004-8314-DEF85B1E3B35}.Debug|x64.Build.0 = Debug|x64
		{7C435B1E-2229-4004-8314-DEF85B1E3B35}.Release|x64.ActiveCfg = Release|x64
		{7C435B1E-2229-4004-8314-DEF85B1E3B35}.Release|x64.Build.0 = Release|x64
		{4C841E80-E66E-4653-94BE-BE0E4B32793F}.Debug|x64.ActiveCfg = Debug|x64
		{4C841E80-E66E-4653-94BE-BE0E4B32793F}.Debug|x64.Build.0 = Debug|x64
		{4C841E80-E66E-4653-94BE-BE0E4B32793F}.Release|x64.ActiveCfg = Release|x64
		{4C841E80-E66E-4653-94BE-BE0E4B32793F}.Release|x64.Build.0 = Release|x64
	EndGlobalSection
	GlobalSection(SolutionProperties) = preSolution
		HideSolutionNode = FALSE
	EndGlobalSection
	GlobalSection(ExtensibilityGlobals) = postSolution
		SolutionGuid = {FED86BEF-6D79-4628-BA90-2429DB1C90AA}
	EndGlobalSection
EndGlobal
